// !$*UTF8*$!
{
	archiveVersion = 1;
	classes = {
	};
	objectVersion = 46;
	objects = {

/* Begin PBXBuildFile section */
		D81A64971A68C5C8007086AD /* main.m in Sources */ = {isa = PBXBuildFile; fileRef = D81A64961A68C5C8007086AD /* main.m */; };
		D81A64A21A68C5C8007086AD /* Images.xcassets in Resources */ = {isa = PBXBuildFile; fileRef = D81A64A11A68C5C8007086AD /* Images.xcassets */; };
		D81A64B11A68C5C8007086AD /* iCarnivalTests.m in Sources */ = {isa = PBXBuildFile; fileRef = D81A64B01A68C5C8007086AD /* iCarnivalTests.m */; };
		D81A64BC1A68C628007086AD /* CAppDelegate.m in Sources */ = {isa = PBXBuildFile; fileRef = D81A64BB1A68C628007086AD /* CAppDelegate.m */; };
		D81A64BE1A68C7AD007086AD /* SystemConfiguration.framework in Frameworks */ = {isa = PBXBuildFile; fileRef = D81A64BD1A68C7AD007086AD /* SystemConfiguration.framework */; };
		D81A64C11A68C7CD007086AD /* Security.framework in Frameworks */ = {isa = PBXBuildFile; fileRef = D81A64C01A68C7CD007086AD /* Security.framework */; };
		D81A64C31A68C7D6007086AD /* QuartzCore.framework in Frameworks */ = {isa = PBXBuildFile; fileRef = D81A64C21A68C7D6007086AD /* QuartzCore.framework */; };
		D81A64C51A68C7E0007086AD /* MobileCoreServices.framework in Frameworks */ = {isa = PBXBuildFile; fileRef = D81A64C41A68C7E0007086AD /* MobileCoreServices.framework */; };
		D81A64C71A68C7EA007086AD /* libz.dylib in Frameworks */ = {isa = PBXBuildFile; fileRef = D81A64C61A68C7EA007086AD /* libz.dylib */; };
		D81A64C91A68C7F3007086AD /* CFNetwork.framework in Frameworks */ = {isa = PBXBuildFile; fileRef = D81A64C81A68C7F3007086AD /* CFNetwork.framework */; };
		D81A64CB1A68C7FC007086AD /* AudioToolbox.framework in Frameworks */ = {isa = PBXBuildFile; fileRef = D81A64CA1A68C7FC007086AD /* AudioToolbox.framework */; };
		D81A64CD1A68C80B007086AD /* CoreLocation.framework in Frameworks */ = {isa = PBXBuildFile; fileRef = D81A64CC1A68C80B007086AD /* CoreLocation.framework */; };
		D81A64CF1A68C813007086AD /* Social.framework in Frameworks */ = {isa = PBXBuildFile; fileRef = D81A64CE1A68C813007086AD /* Social.framework */; };
		D81A64D11A68C819007086AD /* Accounts.framework in Frameworks */ = {isa = PBXBuildFile; fileRef = D81A64D01A68C819007086AD /* Accounts.framework */; };
		D81A64D31A68C826007086AD /* Twitter.framework in Frameworks */ = {isa = PBXBuildFile; fileRef = D81A64D21A68C826007086AD /* Twitter.framework */; };
		D81A64D51A68C82F007086AD /* MapKit.framework in Frameworks */ = {isa = PBXBuildFile; fileRef = D81A64D41A68C82F007086AD /* MapKit.framework */; };
		D81A64D71A68C834007086AD /* CoreGraphics.framework in Frameworks */ = {isa = PBXBuildFile; fileRef = D81A64D61A68C834007086AD /* CoreGraphics.framework */; };
		D81A64D91A68C83B007086AD /* UIKit.framework in Frameworks */ = {isa = PBXBuildFile; fileRef = D81A64D81A68C83B007086AD /* UIKit.framework */; };
		D81A64DB1A68C845007086AD /* Foundation.framework in Frameworks */ = {isa = PBXBuildFile; fileRef = D81A64DA1A68C845007086AD /* Foundation.framework */; };
		D81A64DE1A68C873007086AD /* Bolts.framework in Frameworks */ = {isa = PBXBuildFile; fileRef = D81A64DC1A68C873007086AD /* Bolts.framework */; };
		D81A64DF1A68C873007086AD /* Parse.framework in Frameworks */ = {isa = PBXBuildFile; fileRef = D81A64DD1A68C873007086AD /* Parse.framework */; };
		D81A64E11A68C964007086AD /* libsqlite3.dylib in Frameworks */ = {isa = PBXBuildFile; fileRef = D81A64E01A68C964007086AD /* libsqlite3.dylib */; };
		D81A64E31A68C988007086AD /* StoreKit.framework in Frameworks */ = {isa = PBXBuildFile; fileRef = D81A64E21A68C988007086AD /* StoreKit.framework */; };
		D81A64E81A68D00A007086AD /* TwitterKit.framework in Frameworks */ = {isa = PBXBuildFile; fileRef = D81A64E51A68D00A007086AD /* TwitterKit.framework */; };
		D81A64E91A68D00A007086AD /* TwitterKitResources.bundle in Resources */ = {isa = PBXBuildFile; fileRef = D81A64E61A68D00A007086AD /* TwitterKitResources.bundle */; };
		D81A64EA1A68D00A007086AD /* Fabric.framework in Frameworks */ = {isa = PBXBuildFile; fileRef = D81A64E71A68D00A007086AD /* Fabric.framework */; };
		D81A64EC1A68D26E007086AD /* .gitignore in Resources */ = {isa = PBXBuildFile; fileRef = D81A64EB1A68D26E007086AD /* .gitignore */; };
		D81A64F11A68DCB6007086AD /* Main.storyboard in Resources */ = {isa = PBXBuildFile; fileRef = D81A64EF1A68DCB6007086AD /* Main.storyboard */; };
		D81A64F41A68DE22007086AD /* items.plist in Resources */ = {isa = PBXBuildFile; fileRef = D81A64F31A68DE22007086AD /* items.plist */; };
		D81A65071A68DF69007086AD /* CSocialTableViewController.m in Sources */ = {isa = PBXBuildFile; fileRef = D81A65061A68DF69007086AD /* CSocialTableViewController.m */; };
		D81A650F1A68FD85007086AD /* CNotificationCell.m in Sources */ = {isa = PBXBuildFile; fileRef = D81A650C1A68FD85007086AD /* CNotificationCell.m */; };
		D81A65101A68FD85007086AD /* CNotificationsViewController.m in Sources */ = {isa = PBXBuildFile; fileRef = D81A650E1A68FD85007086AD /* CNotificationsViewController.m */; };
		D81A65121A68FE73007086AD /* ParseUI.framework in Frameworks */ = {isa = PBXBuildFile; fileRef = D81A65111A68FE73007086AD /* ParseUI.framework */; };
		D81A65151A68FF0A007086AD /* CMapItem.m in Sources */ = {isa = PBXBuildFile; fileRef = D81A65141A68FF0A007086AD /* CMapItem.m */; };
		D81A651C1A68FF67007086AD /* CMapPickerDetailViewController.m in Sources */ = {isa = PBXBuildFile; fileRef = D81A65171A68FF67007086AD /* CMapPickerDetailViewController.m */; };
		D81A651D1A68FF67007086AD /* CMapPickerViewController.m in Sources */ = {isa = PBXBuildFile; fileRef = D81A65191A68FF67007086AD /* CMapPickerViewController.m */; };
		D81A651E1A68FF67007086AD /* CMapViewController.m in Sources */ = {isa = PBXBuildFile; fileRef = D81A651B1A68FF67007086AD /* CMapViewController.m */; };
		D81A65211A690F0B007086AD /* CContentViewController.m in Sources */ = {isa = PBXBuildFile; fileRef = D81A65201A690F0B007086AD /* CContentViewController.m */; };
		D876F73F1A69DBB200C2FDF7 /* CAboutViewController.m in Sources */ = {isa = PBXBuildFile; fileRef = D876F73E1A69DBB200C2FDF7 /* CAboutViewController.m */; };
		D8EBE77C1A6BF59700F9A5A0 /* CWebViewController.m in Sources */ = {isa = PBXBuildFile; fileRef = D8EBE77B1A6BF59700F9A5A0 /* CWebViewController.m */; };
		D8EBE7801A6D00E000F9A5A0 /* LaunchScreen.storyboard in Resources */ = {isa = PBXBuildFile; fileRef = D8EBE77F1A6D00E000F9A5A0 /* LaunchScreen.storyboard */; };
		D8EBE7831A6E595900F9A5A0 /* iTunesArtwork.png in Resources */ = {isa = PBXBuildFile; fileRef = D8EBE7811A6E595900F9A5A0 /* iTunesArtwork.png */; };
		D8EBE7841A6E595900F9A5A0 /* iTunesArtwork@2x.png in Resources */ = {isa = PBXBuildFile; fileRef = D8EBE7821A6E595900F9A5A0 /* iTunesArtwork@2x.png */; };
		D8EBE7861A6E61F600F9A5A0 /* Crashlytics.framework in Frameworks */ = {isa = PBXBuildFile; fileRef = D8EBE7851A6E61F600F9A5A0 /* Crashlytics.framework */; };
/* End PBXBuildFile section */

/* Begin PBXContainerItemProxy section */
		D81A64AB1A68C5C8007086AD /* PBXContainerItemProxy */ = {
			isa = PBXContainerItemProxy;
			containerPortal = D81A64891A68C5C8007086AD /* Project object */;
			proxyType = 1;
			remoteGlobalIDString = D81A64901A68C5C8007086AD;
			remoteInfo = iCarnival;
		};
/* End PBXContainerItemProxy section */

/* Begin PBXFileReference section */
		D81A64911A68C5C8007086AD /* iCarnival.app */ = {isa = PBXFileReference; explicitFileType = wrapper.application; includeInIndex = 0; path = iCarnival.app; sourceTree = BUILT_PRODUCTS_DIR; };
		D81A64951A68C5C8007086AD /* Info.plist */ = {isa = PBXFileReference; lastKnownFileType = text.plist.xml; path = Info.plist; sourceTree = "<group>"; };
		D81A64961A68C5C8007086AD /* main.m */ = {isa = PBXFileReference; lastKnownFileType = sourcecode.c.objc; path = main.m; sourceTree = "<group>"; };
		D81A64A11A68C5C8007086AD /* Images.xcassets */ = {isa = PBXFileReference; lastKnownFileType = folder.assetcatalog; path = Images.xcassets; sourceTree = "<group>"; };
		D81A64AA1A68C5C8007086AD /* iCarnivalTests.xctest */ = {isa = PBXFileReference; explicitFileType = wrapper.cfbundle; includeInIndex = 0; path = iCarnivalTests.xctest; sourceTree = BUILT_PRODUCTS_DIR; };
		D81A64AF1A68C5C8007086AD /* Info.plist */ = {isa = PBXFileReference; lastKnownFileType = text.plist.xml; path = Info.plist; sourceTree = "<group>"; };
		D81A64B01A68C5C8007086AD /* iCarnivalTests.m */ = {isa = PBXFileReference; lastKnownFileType = sourcecode.c.objc; path = iCarnivalTests.m; sourceTree = "<group>"; };
		D81A64BA1A68C628007086AD /* CAppDelegate.h */ = {isa = PBXFileReference; fileEncoding = 4; lastKnownFileType = sourcecode.c.h; path = CAppDelegate.h; sourceTree = "<group>"; };
		D81A64BB1A68C628007086AD /* CAppDelegate.m */ = {isa = PBXFileReference; fileEncoding = 4; lastKnownFileType = sourcecode.c.objc; path = CAppDelegate.m; sourceTree = "<group>"; };
		D81A64BD1A68C7AD007086AD /* SystemConfiguration.framework */ = {isa = PBXFileReference; lastKnownFileType = wrapper.framework; name = SystemConfiguration.framework; path = System/Library/Frameworks/SystemConfiguration.framework; sourceTree = SDKROOT; };
		D81A64C01A68C7CD007086AD /* Security.framework */ = {isa = PBXFileReference; lastKnownFileType = wrapper.framework; name = Security.framework; path = System/Library/Frameworks/Security.framework; sourceTree = SDKROOT; };
		D81A64C21A68C7D6007086AD /* QuartzCore.framework */ = {isa = PBXFileReference; lastKnownFileType = wrapper.framework; name = QuartzCore.framework; path = System/Library/Frameworks/QuartzCore.framework; sourceTree = SDKROOT; };
		D81A64C41A68C7E0007086AD /* MobileCoreServices.framework */ = {isa = PBXFileReference; lastKnownFileType = wrapper.framework; name = MobileCoreServices.framework; path = System/Library/Frameworks/MobileCoreServices.framework; sourceTree = SDKROOT; };
		D81A64C61A68C7EA007086AD /* libz.dylib */ = {isa = PBXFileReference; lastKnownFileType = "compiled.mach-o.dylib"; name = libz.dylib; path = usr/lib/libz.dylib; sourceTree = SDKROOT; };
		D81A64C81A68C7F3007086AD /* CFNetwork.framework */ = {isa = PBXFileReference; lastKnownFileType = wrapper.framework; name = CFNetwork.framework; path = System/Library/Frameworks/CFNetwork.framework; sourceTree = SDKROOT; };
		D81A64CA1A68C7FC007086AD /* AudioToolbox.framework */ = {isa = PBXFileReference; lastKnownFileType = wrapper.framework; name = AudioToolbox.framework; path = System/Library/Frameworks/AudioToolbox.framework; sourceTree = SDKROOT; };
		D81A64CC1A68C80B007086AD /* CoreLocation.framework */ = {isa = PBXFileReference; lastKnownFileType = wrapper.framework; name = CoreLocation.framework; path = System/Library/Frameworks/CoreLocation.framework; sourceTree = SDKROOT; };
		D81A64CE1A68C813007086AD /* Social.framework */ = {isa = PBXFileReference; lastKnownFileType = wrapper.framework; name = Social.framework; path = System/Library/Frameworks/Social.framework; sourceTree = SDKROOT; };
		D81A64D01A68C819007086AD /* Accounts.framework */ = {isa = PBXFileReference; lastKnownFileType = wrapper.framework; name = Accounts.framework; path = System/Library/Frameworks/Accounts.framework; sourceTree = SDKROOT; };
		D81A64D21A68C826007086AD /* Twitter.framework */ = {isa = PBXFileReference; lastKnownFileType = wrapper.framework; name = Twitter.framework; path = System/Library/Frameworks/Twitter.framework; sourceTree = SDKROOT; };
		D81A64D41A68C82F007086AD /* MapKit.framework */ = {isa = PBXFileReference; lastKnownFileType = wrapper.framework; name = MapKit.framework; path = System/Library/Frameworks/MapKit.framework; sourceTree = SDKROOT; };
		D81A64D61A68C834007086AD /* CoreGraphics.framework */ = {isa = PBXFileReference; lastKnownFileType = wrapper.framework; name = CoreGraphics.framework; path = System/Library/Frameworks/CoreGraphics.framework; sourceTree = SDKROOT; };
		D81A64D81A68C83B007086AD /* UIKit.framework */ = {isa = PBXFileReference; lastKnownFileType = wrapper.framework; name = UIKit.framework; path = System/Library/Frameworks/UIKit.framework; sourceTree = SDKROOT; };
		D81A64DA1A68C845007086AD /* Foundation.framework */ = {isa = PBXFileReference; lastKnownFileType = wrapper.framework; name = Foundation.framework; path = System/Library/Frameworks/Foundation.framework; sourceTree = SDKROOT; };
		D81A64DC1A68C873007086AD /* Bolts.framework */ = {isa = PBXFileReference; lastKnownFileType = wrapper.framework; path = Bolts.framework; sourceTree = "<group>"; };
		D81A64DD1A68C873007086AD /* Parse.framework */ = {isa = PBXFileReference; lastKnownFileType = wrapper.framework; path = Parse.framework; sourceTree = "<group>"; };
		D81A64E01A68C964007086AD /* libsqlite3.dylib */ = {isa = PBXFileReference; lastKnownFileType = "compiled.mach-o.dylib"; name = libsqlite3.dylib; path = usr/lib/libsqlite3.dylib; sourceTree = SDKROOT; };
		D81A64E21A68C988007086AD /* StoreKit.framework */ = {isa = PBXFileReference; lastKnownFileType = wrapper.framework; name = StoreKit.framework; path = System/Library/Frameworks/StoreKit.framework; sourceTree = SDKROOT; };
		D81A64E51A68D00A007086AD /* TwitterKit.framework */ = {isa = PBXFileReference; lastKnownFileType = wrapper.framework; path = TwitterKit.framework; sourceTree = "<group>"; };
		D81A64E61A68D00A007086AD /* TwitterKitResources.bundle */ = {isa = PBXFileReference; lastKnownFileType = "wrapper.plug-in"; name = TwitterKitResources.bundle; path = TwitterKit.framework/Versions/A/Resources/TwitterKitResources.bundle; sourceTree = "<group>"; };
		D81A64E71A68D00A007086AD /* Fabric.framework */ = {isa = PBXFileReference; lastKnownFileType = wrapper.framework; path = Fabric.framework; sourceTree = "<group>"; };
		D81A64EB1A68D26E007086AD /* .gitignore */ = {isa = PBXFileReference; fileEncoding = 4; lastKnownFileType = text; path = .gitignore; sourceTree = "<group>"; };
		D81A64F01A68DCB6007086AD /* Base */ = {isa = PBXFileReference; lastKnownFileType = file.storyboard; name = Base; path = Base.lproj/Main.storyboard; sourceTree = "<group>"; };
		D81A64F31A68DE22007086AD /* items.plist */ = {isa = PBXFileReference; fileEncoding = 4; lastKnownFileType = text.plist.xml; path = items.plist; sourceTree = "<group>"; };
		D81A65051A68DF69007086AD /* CSocialTableViewController.h */ = {isa = PBXFileReference; fileEncoding = 4; lastKnownFileType = sourcecode.c.h; path = CSocialTableViewController.h; sourceTree = "<group>"; };
		D81A65061A68DF69007086AD /* CSocialTableViewController.m */ = {isa = PBXFileReference; fileEncoding = 4; lastKnownFileType = sourcecode.c.objc; path = CSocialTableViewController.m; sourceTree = "<group>"; };
		D81A650B1A68FD85007086AD /* CNotificationCell.h */ = {isa = PBXFileReference; fileEncoding = 4; lastKnownFileType = sourcecode.c.h; path = CNotificationCell.h; sourceTree = "<group>"; };
		D81A650C1A68FD85007086AD /* CNotificationCell.m */ = {isa = PBXFileReference; fileEncoding = 4; lastKnownFileType = sourcecode.c.objc; path = CNotificationCell.m; sourceTree = "<group>"; };
		D81A650D1A68FD85007086AD /* CNotificationsViewController.h */ = {isa = PBXFileReference; fileEncoding = 4; lastKnownFileType = sourcecode.c.h; path = CNotificationsViewController.h; sourceTree = "<group>"; };
		D81A650E1A68FD85007086AD /* CNotificationsViewController.m */ = {isa = PBXFileReference; fileEncoding = 4; lastKnownFileType = sourcecode.c.objc; path = CNotificationsViewController.m; sourceTree = "<group>"; };
		D81A65111A68FE73007086AD /* ParseUI.framework */ = {isa = PBXFileReference; lastKnownFileType = wrapper.framework; path = ParseUI.framework; sourceTree = "<group>"; };
		D81A65131A68FF0A007086AD /* CMapItem.h */ = {isa = PBXFileReference; fileEncoding = 4; lastKnownFileType = sourcecode.c.h; path = CMapItem.h; sourceTree = "<group>"; };
		D81A65141A68FF0A007086AD /* CMapItem.m */ = {isa = PBXFileReference; fileEncoding = 4; lastKnownFileType = sourcecode.c.objc; path = CMapItem.m; sourceTree = "<group>"; };
		D81A65161A68FF67007086AD /* CMapPickerDetailViewController.h */ = {isa = PBXFileReference; fileEncoding = 4; lastKnownFileType = sourcecode.c.h; path = CMapPickerDetailViewController.h; sourceTree = "<group>"; };
		D81A65171A68FF67007086AD /* CMapPickerDetailViewController.m */ = {isa = PBXFileReference; fileEncoding = 4; lastKnownFileType = sourcecode.c.objc; path = CMapPickerDetailViewController.m; sourceTree = "<group>"; };
		D81A65181A68FF67007086AD /* CMapPickerViewController.h */ = {isa = PBXFileReference; fileEncoding = 4; lastKnownFileType = sourcecode.c.h; path = CMapPickerViewController.h; sourceTree = "<group>"; };
		D81A65191A68FF67007086AD /* CMapPickerViewController.m */ = {isa = PBXFileReference; fileEncoding = 4; lastKnownFileType = sourcecode.c.objc; path = CMapPickerViewController.m; sourceTree = "<group>"; };
		D81A651A1A68FF67007086AD /* CMapViewController.h */ = {isa = PBXFileReference; fileEncoding = 4; lastKnownFileType = sourcecode.c.h; path = CMapViewController.h; sourceTree = "<group>"; };
		D81A651B1A68FF67007086AD /* CMapViewController.m */ = {isa = PBXFileReference; fileEncoding = 4; lastKnownFileType = sourcecode.c.objc; path = CMapViewController.m; sourceTree = "<group>"; };
		D81A651F1A690F0B007086AD /* CContentViewController.h */ = {isa = PBXFileReference; fileEncoding = 4; lastKnownFileType = sourcecode.c.h; path = CContentViewController.h; sourceTree = "<group>"; };
		D81A65201A690F0B007086AD /* CContentViewController.m */ = {isa = PBXFileReference; fileEncoding = 4; lastKnownFileType = sourcecode.c.objc; path = CContentViewController.m; sourceTree = "<group>"; };
		D876F73D1A69DBB200C2FDF7 /* CAboutViewController.h */ = {isa = PBXFileReference; fileEncoding = 4; lastKnownFileType = sourcecode.c.h; path = CAboutViewController.h; sourceTree = "<group>"; };
		D876F73E1A69DBB200C2FDF7 /* CAboutViewController.m */ = {isa = PBXFileReference; fileEncoding = 4; lastKnownFileType = sourcecode.c.objc; path = CAboutViewController.m; sourceTree = "<group>"; };
		D8EBE77A1A6BF59700F9A5A0 /* CWebViewController.h */ = {isa = PBXFileReference; fileEncoding = 4; lastKnownFileType = sourcecode.c.h; path = CWebViewController.h; sourceTree = "<group>"; };
		D8EBE77B1A6BF59700F9A5A0 /* CWebViewController.m */ = {isa = PBXFileReference; fileEncoding = 4; lastKnownFileType = sourcecode.c.objc; path = CWebViewController.m; sourceTree = "<group>"; };
		D8EBE77F1A6D00E000F9A5A0 /* LaunchScreen.storyboard */ = {isa = PBXFileReference; fileEncoding = 4; lastKnownFileType = file.storyboard; path = LaunchScreen.storyboard; sourceTree = "<group>"; };
		D8EBE7811A6E595900F9A5A0 /* iTunesArtwork.png */ = {isa = PBXFileReference; lastKnownFileType = image.png; path = iTunesArtwork.png; sourceTree = "<group>"; };
		D8EBE7821A6E595900F9A5A0 /* iTunesArtwork@2x.png */ = {isa = PBXFileReference; lastKnownFileType = image.png; path = "iTunesArtwork@2x.png"; sourceTree = "<group>"; };
		D8EBE7851A6E61F600F9A5A0 /* Crashlytics.framework */ = {isa = PBXFileReference; lastKnownFileType = wrapper.framework; path = Crashlytics.framework; sourceTree = "<group>"; };
/* End PBXFileReference section */

/* Begin PBXFrameworksBuildPhase section */
		D81A648E1A68C5C8007086AD /* Frameworks */ = {
			isa = PBXFrameworksBuildPhase;
			buildActionMask = 2147483647;
			files = (
				D81A65121A68FE73007086AD /* ParseUI.framework in Frameworks */,
				D81A64E31A68C988007086AD /* StoreKit.framework in Frameworks */,
				D81A64E11A68C964007086AD /* libsqlite3.dylib in Frameworks */,
				D81A64DB1A68C845007086AD /* Foundation.framework in Frameworks */,
				D8EBE7861A6E61F600F9A5A0 /* Crashlytics.framework in Frameworks */,
				D81A64D91A68C83B007086AD /* UIKit.framework in Frameworks */,
				D81A64D71A68C834007086AD /* CoreGraphics.framework in Frameworks */,
				D81A64D51A68C82F007086AD /* MapKit.framework in Frameworks */,
				D81A64D31A68C826007086AD /* Twitter.framework in Frameworks */,
				D81A64D11A68C819007086AD /* Accounts.framework in Frameworks */,
				D81A64DF1A68C873007086AD /* Parse.framework in Frameworks */,
				D81A64CF1A68C813007086AD /* Social.framework in Frameworks */,
				D81A64CD1A68C80B007086AD /* CoreLocation.framework in Frameworks */,
				D81A64E81A68D00A007086AD /* TwitterKit.framework in Frameworks */,
				D81A64CB1A68C7FC007086AD /* AudioToolbox.framework in Frameworks */,
				D81A64C91A68C7F3007086AD /* CFNetwork.framework in Frameworks */,
				D81A64EA1A68D00A007086AD /* Fabric.framework in Frameworks */,
				D81A64C71A68C7EA007086AD /* libz.dylib in Frameworks */,
				D81A64C51A68C7E0007086AD /* MobileCoreServices.framework in Frameworks */,
				D81A64C31A68C7D6007086AD /* QuartzCore.framework in Frameworks */,
				D81A64C11A68C7CD007086AD /* Security.framework in Frameworks */,
				D81A64BE1A68C7AD007086AD /* SystemConfiguration.framework in Frameworks */,
				D81A64DE1A68C873007086AD /* Bolts.framework in Frameworks */,
			);
			runOnlyForDeploymentPostprocessing = 0;
		};
		D81A64A71A68C5C8007086AD /* Frameworks */ = {
			isa = PBXFrameworksBuildPhase;
			buildActionMask = 2147483647;
			files = (
			);
			runOnlyForDeploymentPostprocessing = 0;
		};
/* End PBXFrameworksBuildPhase section */

/* Begin PBXGroup section */
		D81A64881A68C5C8007086AD = {
			isa = PBXGroup;
			children = (
				D81A64EB1A68D26E007086AD /* .gitignore */,
				D8EBE7811A6E595900F9A5A0 /* iTunesArtwork.png */,
				D8EBE7821A6E595900F9A5A0 /* iTunesArtwork@2x.png */,
				D81A64BF1A68C7B2007086AD /* Frameworks */,
				D81A64931A68C5C8007086AD /* iCarnival */,
				D81A64AD1A68C5C8007086AD /* iCarnivalTests */,
				D81A64921A68C5C8007086AD /* Products */,
			);
			sourceTree = "<group>";
		};
		D81A64921A68C5C8007086AD /* Products */ = {
			isa = PBXGroup;
			children = (
				D81A64911A68C5C8007086AD /* iCarnival.app */,
				D81A64AA1A68C5C8007086AD /* iCarnivalTests.xctest */,
			);
			name = Products;
			sourceTree = "<group>";
		};
		D81A64931A68C5C8007086AD /* iCarnival */ = {
			isa = PBXGroup;
			children = (
				D81A64A11A68C5C8007086AD /* Images.xcassets */,
				D81A64EF1A68DCB6007086AD /* Main.storyboard */,
				D8EBE77F1A6D00E000F9A5A0 /* LaunchScreen.storyboard */,
				D81A64BA1A68C628007086AD /* CAppDelegate.h */,
				D81A64BB1A68C628007086AD /* CAppDelegate.m */,
				D81A64F21A68DDF5007086AD /* Model */,
				D81A64FF1A68DF1F007086AD /* View Controllers */,
				D81A64941A68C5C8007086AD /* Supporting Files */,
			);
			path = iCarnival;
			sourceTree = "<group>";
		};
		D81A64941A68C5C8007086AD /* Supporting Files */ = {
			isa = PBXGroup;
			children = (
				D81A64951A68C5C8007086AD /* Info.plist */,
				D81A64961A68C5C8007086AD /* main.m */,
			);
			name = "Supporting Files";
			sourceTree = "<group>";
		};
		D81A64AD1A68C5C8007086AD /* iCarnivalTests */ = {
			isa = PBXGroup;
			children = (
				D81A64B01A68C5C8007086AD /* iCarnivalTests.m */,
				D81A64AE1A68C5C8007086AD /* Supporting Files */,
			);
			path = iCarnivalTests;
			sourceTree = "<group>";
		};
		D81A64AE1A68C5C8007086AD /* Supporting Files */ = {
			isa = PBXGroup;
			children = (
				D81A64AF1A68C5C8007086AD /* Info.plist */,
			);
			name = "Supporting Files";
			sourceTree = "<group>";
		};
		D81A64BF1A68C7B2007086AD /* Frameworks */ = {
			isa = PBXGroup;
			children = (
				D8EBE7851A6E61F600F9A5A0 /* Crashlytics.framework */,
				D81A65111A68FE73007086AD /* ParseUI.framework */,
				D81A64E51A68D00A007086AD /* TwitterKit.framework */,
				D81A64E61A68D00A007086AD /* TwitterKitResources.bundle */,
				D81A64E71A68D00A007086AD /* Fabric.framework */,
				D81A64E21A68C988007086AD /* StoreKit.framework */,
				D81A64E01A68C964007086AD /* libsqlite3.dylib */,
				D81A64DC1A68C873007086AD /* Bolts.framework */,
				D81A64DD1A68C873007086AD /* Parse.framework */,
				D81A64DA1A68C845007086AD /* Foundation.framework */,
				D81A64D81A68C83B007086AD /* UIKit.framework */,
				D81A64D61A68C834007086AD /* CoreGraphics.framework */,
				D81A64D41A68C82F007086AD /* MapKit.framework */,
				D81A64D21A68C826007086AD /* Twitter.framework */,
				D81A64D01A68C819007086AD /* Accounts.framework */,
				D81A64CE1A68C813007086AD /* Social.framework */,
				D81A64CC1A68C80B007086AD /* CoreLocation.framework */,
				D81A64CA1A68C7FC007086AD /* AudioToolbox.framework */,
				D81A64C81A68C7F3007086AD /* CFNetwork.framework */,
				D81A64C61A68C7EA007086AD /* libz.dylib */,
				D81A64C41A68C7E0007086AD /* MobileCoreServices.framework */,
				D81A64C21A68C7D6007086AD /* QuartzCore.framework */,
				D81A64C01A68C7CD007086AD /* Security.framework */,
				D81A64BD1A68C7AD007086AD /* SystemConfiguration.framework */,
			);
			name = Frameworks;
			sourceTree = "<group>";
		};
		D81A64F21A68DDF5007086AD /* Model */ = {
			isa = PBXGroup;
			children = (
				D81A64F31A68DE22007086AD /* items.plist */,
			);
			name = Model;
			sourceTree = "<group>";
		};
		D81A64FF1A68DF1F007086AD /* View Controllers */ = {
			isa = PBXGroup;
			children = (
				D81A650A1A68FD76007086AD /* Soundbooth Tab */,
				D81A65081A68FD62007086AD /* Map Tab */,
				D81A65041A68DF48007086AD /* Twitter Tab */,
				D81A65001A68DF2D007086AD /* Info Tab */,
			);
			name = "View Controllers";
			sourceTree = "<group>";
		};
		D81A65001A68DF2D007086AD /* Info Tab */ = {
			isa = PBXGroup;
			children = (
				D81A651F1A690F0B007086AD /* CContentViewController.h */,
				D81A65201A690F0B007086AD /* CContentViewController.m */,
				D876F73D1A69DBB200C2FDF7 /* CAboutViewController.h */,
				D876F73E1A69DBB200C2FDF7 /* CAboutViewController.m */,
			);
			name = "Info Tab";
			sourceTree = "<group>";
		};
		D81A65041A68DF48007086AD /* Twitter Tab */ = {
			isa = PBXGroup;
			children = (
				D81A65051A68DF69007086AD /* CSocialTableViewController.h */,
				D81A65061A68DF69007086AD /* CSocialTableViewController.m */,
				D8EBE77A1A6BF59700F9A5A0 /* CWebViewController.h */,
				D8EBE77B1A6BF59700F9A5A0 /* CWebViewController.m */,
			);
			name = "Twitter Tab";
			sourceTree = "<group>";
		};
		D81A65081A68FD62007086AD /* Map Tab */ = {
			isa = PBXGroup;
			children = (
				D81A65091A68FD71007086AD /* Model */,
				D81A65161A68FF67007086AD /* CMapPickerDetailViewController.h */,
				D81A65171A68FF67007086AD /* CMapPickerDetailViewController.m */,
				D81A65181A68FF67007086AD /* CMapPickerViewController.h */,
				D81A65191A68FF67007086AD /* CMapPickerViewController.m */,
				D81A651A1A68FF67007086AD /* CMapViewController.h */,
				D81A651B1A68FF67007086AD /* CMapViewController.m */,
			);
			name = "Map Tab";
			sourceTree = "<group>";
		};
		D81A65091A68FD71007086AD /* Model */ = {
			isa = PBXGroup;
			children = (
				D81A65131A68FF0A007086AD /* CMapItem.h */,
				D81A65141A68FF0A007086AD /* CMapItem.m */,
			);
			name = Model;
			sourceTree = "<group>";
		};
		D81A650A1A68FD76007086AD /* Soundbooth Tab */ = {
			isa = PBXGroup;
			children = (
				D81A650B1A68FD85007086AD /* CNotificationCell.h */,
				D81A650C1A68FD85007086AD /* CNotificationCell.m */,
				D81A650D1A68FD85007086AD /* CNotificationsViewController.h */,
				D81A650E1A68FD85007086AD /* CNotificationsViewController.m */,
			);
			name = "Soundbooth Tab";
			sourceTree = "<group>";
		};
/* End PBXGroup section */

/* Begin PBXNativeTarget section */
		D81A64901A68C5C8007086AD /* iCarnival */ = {
			isa = PBXNativeTarget;
			buildConfigurationList = D81A64B41A68C5C8007086AD /* Build configuration list for PBXNativeTarget "iCarnival" */;
			buildPhases = (
				D81A648D1A68C5C8007086AD /* Sources */,
				D81A648E1A68C5C8007086AD /* Frameworks */,
				D81A648F1A68C5C8007086AD /* Resources */,
				D81A64E41A68CF37007086AD /* ShellScript */,
			);
			buildRules = (
			);
			dependencies = (
			);
			name = iCarnival;
			productName = iCarnival;
			productReference = D81A64911A68C5C8007086AD /* iCarnival.app */;
			productType = "com.apple.product-type.application";
		};
		D81A64A91A68C5C8007086AD /* iCarnivalTests */ = {
			isa = PBXNativeTarget;
			buildConfigurationList = D81A64B71A68C5C8007086AD /* Build configuration list for PBXNativeTarget "iCarnivalTests" */;
			buildPhases = (
				D81A64A61A68C5C8007086AD /* Sources */,
				D81A64A71A68C5C8007086AD /* Frameworks */,
				D81A64A81A68C5C8007086AD /* Resources */,
			);
			buildRules = (
			);
			dependencies = (
				D81A64AC1A68C5C8007086AD /* PBXTargetDependency */,
			);
			name = iCarnivalTests;
			productName = iCarnivalTests;
			productReference = D81A64AA1A68C5C8007086AD /* iCarnivalTests.xctest */;
			productType = "com.apple.product-type.bundle.unit-test";
		};
/* End PBXNativeTarget section */

/* Begin PBXProject section */
		D81A64891A68C5C8007086AD /* Project object */ = {
			isa = PBXProject;
			attributes = {
				LastUpgradeCheck = 0610;
				ORGANIZATIONNAME = "Punahou School - Nathan Wallace";
				TargetAttributes = {
					D81A64901A68C5C8007086AD = {
						CreatedOnToolsVersion = 6.1.1;
					};
					D81A64A91A68C5C8007086AD = {
						CreatedOnToolsVersion = 6.1.1;
						TestTargetID = D81A64901A68C5C8007086AD;
					};
				};
			};
			buildConfigurationList = D81A648C1A68C5C8007086AD /* Build configuration list for PBXProject "iCarnival" */;
			compatibilityVersion = "Xcode 3.2";
			developmentRegion = English;
			hasScannedForEncodings = 0;
			knownRegions = (
				en,
				Base,
			);
			mainGroup = D81A64881A68C5C8007086AD;
			productRefGroup = D81A64921A68C5C8007086AD /* Products */;
			projectDirPath = "";
			projectRoot = "";
			targets = (
				D81A64901A68C5C8007086AD /* iCarnival */,
				D81A64A91A68C5C8007086AD /* iCarnivalTests */,
			);
		};
/* End PBXProject section */

/* Begin PBXResourcesBuildPhase section */
		D81A648F1A68C5C8007086AD /* Resources */ = {
			isa = PBXResourcesBuildPhase;
			buildActionMask = 2147483647;
			files = (
				D81A64EC1A68D26E007086AD /* .gitignore in Resources */,
				D81A64F11A68DCB6007086AD /* Main.storyboard in Resources */,
				D81A64E91A68D00A007086AD /* TwitterKitResources.bundle in Resources */,
				D8EBE7841A6E595900F9A5A0 /* iTunesArtwork@2x.png in Resources */,
				D8EBE7831A6E595900F9A5A0 /* iTunesArtwork.png in Resources */,
				D8EBE7801A6D00E000F9A5A0 /* LaunchScreen.storyboard in Resources */,
				D81A64A21A68C5C8007086AD /* Images.xcassets in Resources */,
				D81A64F41A68DE22007086AD /* items.plist in Resources */,
			);
			runOnlyForDeploymentPostprocessing = 0;
		};
		D81A64A81A68C5C8007086AD /* Resources */ = {
			isa = PBXResourcesBuildPhase;
			buildActionMask = 2147483647;
			files = (
			);
			runOnlyForDeploymentPostprocessing = 0;
		};
/* End PBXResourcesBuildPhase section */

/* Begin PBXShellScriptBuildPhase section */
		D81A64E41A68CF37007086AD /* ShellScript */ = {
			isa = PBXShellScriptBuildPhase;
			buildActionMask = 2147483647;
			files = (
			);
			inputPaths = (
			);
			outputPaths = (
			);
			runOnlyForDeploymentPostprocessing = 0;
			shellPath = /bin/sh;
			shellScript = "./Fabric.framework/run ***REMOVED*** ***REMOVED***";
		};
/* End PBXShellScriptBuildPhase section */

/* Begin PBXSourcesBuildPhase section */
		D81A648D1A68C5C8007086AD /* Sources */ = {
			isa = PBXSourcesBuildPhase;
			buildActionMask = 2147483647;
			files = (
				D8EBE77C1A6BF59700F9A5A0 /* CWebViewController.m in Sources */,
				D81A650F1A68FD85007086AD /* CNotificationCell.m in Sources */,
				D81A651E1A68FF67007086AD /* CMapViewController.m in Sources */,
				D81A65071A68DF69007086AD /* CSocialTableViewController.m in Sources */,
				D81A64BC1A68C628007086AD /* CAppDelegate.m in Sources */,
				D876F73F1A69DBB200C2FDF7 /* CAboutViewController.m in Sources */,
				D81A65151A68FF0A007086AD /* CMapItem.m in Sources */,
				D81A64971A68C5C8007086AD /* main.m in Sources */,
				D81A651C1A68FF67007086AD /* CMapPickerDetailViewController.m in Sources */,
				D81A65101A68FD85007086AD /* CNotificationsViewController.m in Sources */,
				D81A65211A690F0B007086AD /* CContentViewController.m in Sources */,
				D81A651D1A68FF67007086AD /* CMapPickerViewController.m in Sources */,
			);
			runOnlyForDeploymentPostprocessing = 0;
		};
		D81A64A61A68C5C8007086AD /* Sources */ = {
			isa = PBXSourcesBuildPhase;
			buildActionMask = 2147483647;
			files = (
				D81A64B11A68C5C8007086AD /* iCarnivalTests.m in Sources */,
			);
			runOnlyForDeploymentPostprocessing = 0;
		};
/* End PBXSourcesBuildPhase section */

/* Begin PBXTargetDependency section */
		D81A64AC1A68C5C8007086AD /* PBXTargetDependency */ = {
			isa = PBXTargetDependency;
			target = D81A64901A68C5C8007086AD /* iCarnival */;
			targetProxy = D81A64AB1A68C5C8007086AD /* PBXContainerItemProxy */;
		};
/* End PBXTargetDependency section */

/* Begin PBXVariantGroup section */
		D81A64EF1A68DCB6007086AD /* Main.storyboard */ = {
			isa = PBXVariantGroup;
			children = (
				D81A64F01A68DCB6007086AD /* Base */,
			);
			name = Main.storyboard;
			sourceTree = "<group>";
		};
/* End PBXVariantGroup section */

/* Begin XCBuildConfiguration section */
		D81A64B21A68C5C8007086AD /* Debug */ = {
			isa = XCBuildConfiguration;
			buildSettings = {
				ALWAYS_SEARCH_USER_PATHS = NO;
				CLANG_CXX_LANGUAGE_STANDARD = "gnu++0x";
				CLANG_CXX_LIBRARY = "libc++";
				CLANG_ENABLE_MODULES = YES;
				CLANG_ENABLE_OBJC_ARC = YES;
				CLANG_WARN_BOOL_CONVERSION = YES;
				CLANG_WARN_CONSTANT_CONVERSION = YES;
				CLANG_WARN_DIRECT_OBJC_ISA_USAGE = YES_ERROR;
				CLANG_WARN_EMPTY_BODY = YES;
				CLANG_WARN_ENUM_CONVERSION = YES;
				CLANG_WARN_INT_CONVERSION = YES;
				CLANG_WARN_OBJC_ROOT_CLASS = YES_ERROR;
				CLANG_WARN_UNREACHABLE_CODE = YES;
				CLANG_WARN__DUPLICATE_METHOD_MATCH = YES;
				CODE_SIGN_IDENTITY = "iPhone Developer: Gordon Wallace (XP2DYSCCNZ)";
				"CODE_SIGN_IDENTITY[sdk=iphoneos*]" = "iPhone Developer: Gordon Wallace (XP2DYSCCNZ)";
				COPY_PHASE_STRIP = NO;
				ENABLE_STRICT_OBJC_MSGSEND = YES;
				GCC_C_LANGUAGE_STANDARD = gnu99;
				GCC_DYNAMIC_NO_PIC = NO;
				GCC_OPTIMIZATION_LEVEL = 0;
				GCC_PREPROCESSOR_DEFINITIONS = (
					"DEBUG=1",
					"$(inherited)",
				);
				GCC_SYMBOLS_PRIVATE_EXTERN = NO;
				GCC_WARN_64_TO_32_BIT_CONVERSION = YES;
				GCC_WARN_ABOUT_RETURN_TYPE = YES_ERROR;
				GCC_WARN_UNDECLARED_SELECTOR = YES;
				GCC_WARN_UNINITIALIZED_AUTOS = YES_AGGRESSIVE;
				GCC_WARN_UNUSED_FUNCTION = YES;
				GCC_WARN_UNUSED_VARIABLE = YES;
				IPHONEOS_DEPLOYMENT_TARGET = 8.1;
				MTL_ENABLE_DEBUG_INFO = YES;
				ONLY_ACTIVE_ARCH = YES;
				SDKROOT = iphoneos;
			};
			name = Debug;
		};
		D81A64B31A68C5C8007086AD /* Release */ = {
			isa = XCBuildConfiguration;
			buildSettings = {
				ALWAYS_SEARCH_USER_PATHS = NO;
				CLANG_CXX_LANGUAGE_STANDARD = "gnu++0x";
				CLANG_CXX_LIBRARY = "libc++";
				CLANG_ENABLE_MODULES = YES;
				CLANG_ENABLE_OBJC_ARC = YES;
				CLANG_WARN_BOOL_CONVERSION = YES;
				CLANG_WARN_CONSTANT_CONVERSION = YES;
				CLANG_WARN_DIRECT_OBJC_ISA_USAGE = YES_ERROR;
				CLANG_WARN_EMPTY_BODY = YES;
				CLANG_WARN_ENUM_CONVERSION = YES;
				CLANG_WARN_INT_CONVERSION = YES;
				CLANG_WARN_OBJC_ROOT_CLASS = YES_ERROR;
				CLANG_WARN_UNREACHABLE_CODE = YES;
				CLANG_WARN__DUPLICATE_METHOD_MATCH = YES;
				CODE_SIGN_IDENTITY = "iPhone Developer: Gordon Wallace (XP2DYSCCNZ)";
				"CODE_SIGN_IDENTITY[sdk=iphoneos*]" = "iPhone Developer: Gordon Wallace (XP2DYSCCNZ)";
				COPY_PHASE_STRIP = YES;
				ENABLE_NS_ASSERTIONS = NO;
				ENABLE_STRICT_OBJC_MSGSEND = YES;
				GCC_C_LANGUAGE_STANDARD = gnu99;
				GCC_WARN_64_TO_32_BIT_CONVERSION = YES;
				GCC_WARN_ABOUT_RETURN_TYPE = YES_ERROR;
				GCC_WARN_UNDECLARED_SELECTOR = YES;
				GCC_WARN_UNINITIALIZED_AUTOS = YES_AGGRESSIVE;
				GCC_WARN_UNUSED_FUNCTION = YES;
				GCC_WARN_UNUSED_VARIABLE = YES;
				IPHONEOS_DEPLOYMENT_TARGET = 8.1;
				MTL_ENABLE_DEBUG_INFO = NO;
				SDKROOT = iphoneos;
				VALIDATE_PRODUCT = YES;
			};
			name = Release;
		};
		D81A64B51A68C5C8007086AD /* Debug */ = {
			isa = XCBuildConfiguration;
			buildSettings = {
				ASSETCATALOG_COMPILER_APPICON_NAME = AppIcon;
				ASSETCATALOG_COMPILER_LAUNCHIMAGE_NAME = LaunchImage;
				FRAMEWORK_SEARCH_PATHS = (
					"$(inherited)",
					"$(PROJECT_DIR)",
				);
				INFOPLIST_FILE = iCarnival/Info.plist;
				IPHONEOS_DEPLOYMENT_TARGET = 8.1;
				LD_RUNPATH_SEARCH_PATHS = "$(inherited) @executable_path/Frameworks";
				PRODUCT_NAME = "$(TARGET_NAME)";
			};
			name = Debug;
		};
		D81A64B61A68C5C8007086AD /* Release */ = {
			isa = XCBuildConfiguration;
			buildSettings = {
				ASSETCATALOG_COMPILER_APPICON_NAME = AppIcon;
				ASSETCATALOG_COMPILER_LAUNCHIMAGE_NAME = LaunchImage;
				FRAMEWORK_SEARCH_PATHS = (
					"$(inherited)",
					"$(PROJECT_DIR)",
				);
				INFOPLIST_FILE = iCarnival/Info.plist;
				IPHONEOS_DEPLOYMENT_TARGET = 8.1;
				LD_RUNPATH_SEARCH_PATHS = "$(inherited) @executable_path/Frameworks";
				PRODUCT_NAME = "$(TARGET_NAME)";
			};
			name = Release;
		};
		D81A64B81A68C5C8007086AD /* Debug */ = {
			isa = XCBuildConfiguration;
			buildSettings = {
				BUNDLE_LOADER = "$(TEST_HOST)";
				FRAMEWORK_SEARCH_PATHS = (
					"$(SDKROOT)/Developer/Library/Frameworks",
					"$(inherited)",
				);
				GCC_PREPROCESSOR_DEFINITIONS = (
					"DEBUG=1",
					"$(inherited)",
				);
				INFOPLIST_FILE = iCarnivalTests/Info.plist;
				LD_RUNPATH_SEARCH_PATHS = "$(inherited) @executable_path/Frameworks @loader_path/Frameworks";
				PRODUCT_NAME = "$(TARGET_NAME)";
				TEST_HOST = "$(BUILT_PRODUCTS_DIR)/iCarnival.app/iCarnival";
			};
			name = Debug;
		};
		D81A64B91A68C5C8007086AD /* Release */ = {
			isa = XCBuildConfiguration;
			buildSettings = {
				BUNDLE_LOADER = "$(TEST_HOST)";
				FRAMEWORK_SEARCH_PATHS = (
					"$(SDKROOT)/Developer/Library/Frameworks",
					"$(inherited)",
				);
				INFOPLIST_FILE = iCarnivalTests/Info.plist;
				LD_RUNPATH_SEARCH_PATHS = "$(inherited) @executable_path/Frameworks @loader_path/Frameworks";
				PRODUCT_NAME = "$(TARGET_NAME)";
				TEST_HOST = "$(BUILT_PRODUCTS_DIR)/iCarnival.app/iCarnival";
			};
			name = Release;
		};
/* End XCBuildConfiguration section */

/* Begin XCConfigurationList section */
		D81A648C1A68C5C8007086AD /* Build configuration list for PBXProject "iCarnival" */ = {
			isa = XCConfigurationList;
			buildConfigurations = (
				D81A64B21A68C5C8007086AD /* Debug */,
				D81A64B31A68C5C8007086AD /* Release */,
			);
			defaultConfigurationIsVisible = 0;
			defaultConfigurationName = Release;
		};
		D81A64B41A68C5C8007086AD /* Build configuration list for PBXNativeTarget "iCarnival" */ = {
			isa = XCConfigurationList;
			buildConfigurations = (
				D81A64B51A68C5C8007086AD /* Debug */,
				D81A64B61A68C5C8007086AD /* Release */,
			);
			defaultConfigurationIsVisible = 0;
			defaultConfigurationName = Release;
		};
		D81A64B71A68C5C8007086AD /* Build configuration list for PBXNativeTarget "iCarnivalTests" */ = {
			isa = XCConfigurationList;
			buildConfigurations = (
				D81A64B81A68C5C8007086AD /* Debug */,
				D81A64B91A68C5C8007086AD /* Release */,
			);
			defaultConfigurationIsVisible = 0;
			defaultConfigurationName = Release;
		};
/* End XCConfigurationList section */
	};
	rootObject = D81A64891A68C5C8007086AD /* Project object */;
}
